// !$*UTF8*$!
{
	archiveVersion = 1;
	classes = {
	};
	objectVersion = 50;
	objects = {

/* Begin PBXAggregateTarget section */
		1D03792221ECF65000F70AF5 /* mcaRegistroiOSUniversal */ = {
			isa = PBXAggregateTarget;
			buildConfigurationList = 1D03792521ECF65000F70AF5 /* Build configuration list for PBXAggregateTarget "mcaRegistroiOSUniversal" */;
			buildPhases = (
				1D03795721ECF82A00F70AF5 /* ShellScript */,
			);
			dependencies = (
			);
			name = mcaRegistroiOSUniversal;
			productName = mcaRegistroiOSUniversal;
		};
/* End PBXAggregateTarget section */

/* Begin PBXBuildFile section */
		05037003A95612AE7B588206 /* Pods_mcaRegistroiOS.framework in Frameworks */ = {isa = PBXBuildFile; fileRef = D818F3D26C19F5785DD2CADC /* Pods_mcaRegistroiOS.framework */; };
		1D2B53E021C19EDB008ABC44 /* mcaRegistroiOS.h in Headers */ = {isa = PBXBuildFile; fileRef = 1D2B53DE21C19EDB008ABC44 /* mcaRegistroiOS.h */; settings = {ATTRIBUTES = (Public, ); }; };
		1D2B53E721C19F1B008ABC44 /* mcaRegisterManager.swift in Sources */ = {isa = PBXBuildFile; fileRef = 1D2B53E621C19F1B008ABC44 /* mcaRegisterManager.swift */; };
		1D2B53F021C1D287008ABC44 /* PrepaidRegisterStep1VC.swift in Sources */ = {isa = PBXBuildFile; fileRef = 1D2B53EF21C1D287008ABC44 /* PrepaidRegisterStep1VC.swift */; };
		1D2B53F221C1D293008ABC44 /* PrepaidRegisterDataVC.swift in Sources */ = {isa = PBXBuildFile; fileRef = 1D2B53F121C1D293008ABC44 /* PrepaidRegisterDataVC.swift */; };
		1D2B53F721C1D71B008ABC44 /* PrepaidRegisterStep5VC.swift in Sources */ = {isa = PBXBuildFile; fileRef = 1D2B53F421C1D71B008ABC44 /* PrepaidRegisterStep5VC.swift */; };
		1D2B53F821C1D71B008ABC44 /* PrepaidRegisterStep4VC.swift in Sources */ = {isa = PBXBuildFile; fileRef = 1D2B53F521C1D71B008ABC44 /* PrepaidRegisterStep4VC.swift */; };
		1D2B53F921C1D71B008ABC44 /* PrepaidRegisterStep2VC.swift in Sources */ = {isa = PBXBuildFile; fileRef = 1D2B53F621C1D71B008ABC44 /* PrepaidRegisterStep2VC.swift */; };
		1D2B53FF21C1D72F008ABC44 /* Fixed05ViewController.swift in Sources */ = {isa = PBXBuildFile; fileRef = 1D2B53FB21C1D72F008ABC44 /* Fixed05ViewController.swift */; };
		1D2B540021C1D72F008ABC44 /* Fixed02ViewController.xib in Resources */ = {isa = PBXBuildFile; fileRef = 1D2B53FC21C1D72F008ABC44 /* Fixed02ViewController.xib */; };
		1D2B540121C1D72F008ABC44 /* Fixed05ViewController.xib in Resources */ = {isa = PBXBuildFile; fileRef = 1D2B53FD21C1D72F008ABC44 /* Fixed05ViewController.xib */; };
		1D2B540221C1D72F008ABC44 /* Fixed02ViewController.swift in Sources */ = {isa = PBXBuildFile; fileRef = 1D2B53FE21C1D72F008ABC44 /* Fixed02ViewController.swift */; };
		1D2B540D21C1D808008ABC44 /* Postpaid-Mixed02.swift in Sources */ = {isa = PBXBuildFile; fileRef = 1D2B540C21C1D808008ABC44 /* Postpaid-Mixed02.swift */; };
		1D2B540F21C1DD89008ABC44 /* PrepaidRegisterMobileVC.swift in Sources */ = {isa = PBXBuildFile; fileRef = 1D2B540E21C1DD88008ABC44 /* PrepaidRegisterMobileVC.swift */; };
		1D2B541121C1DD9E008ABC44 /* PrepaidRegisterPasswordVC.swift in Sources */ = {isa = PBXBuildFile; fileRef = 1D2B541021C1DD9E008ABC44 /* PrepaidRegisterPasswordVC.swift */; };
		1D2B541421C2C132008ABC44 /* PrepaidRegisterSendMobileVC.xib in Resources */ = {isa = PBXBuildFile; fileRef = 1D2B541221C2C132008ABC44 /* PrepaidRegisterSendMobileVC.xib */; };
		1D2B541521C2C132008ABC44 /* PrepaidRegisterSendMobileVC.swift in Sources */ = {isa = PBXBuildFile; fileRef = 1D2B541321C2C132008ABC44 /* PrepaidRegisterSendMobileVC.swift */; };
		1D2B541721C2CB0A008ABC44 /* CodeBySmsVC.swift in Sources */ = {isa = PBXBuildFile; fileRef = 1D2B541621C2CB0A008ABC44 /* CodeBySmsVC.swift */; };
		1D8C3B9F21F93580005DBA39 /* mcaManageriOS.framework in Frameworks */ = {isa = PBXBuildFile; fileRef = 1D8C3B9E21F93580005DBA39 /* mcaManageriOS.framework */; };
/* End PBXBuildFile section */

/* Begin PBXFileReference section */
		1D2B53DB21C19EDB008ABC44 /* mcaRegistroiOS.framework */ = {isa = PBXFileReference; explicitFileType = wrapper.framework; includeInIndex = 0; path = mcaRegistroiOS.framework; sourceTree = BUILT_PRODUCTS_DIR; };
		1D2B53DE21C19EDB008ABC44 /* mcaRegistroiOS.h */ = {isa = PBXFileReference; lastKnownFileType = sourcecode.c.h; path = mcaRegistroiOS.h; sourceTree = "<group>"; };
		1D2B53DF21C19EDB008ABC44 /* Info.plist */ = {isa = PBXFileReference; lastKnownFileType = text.plist.xml; path = Info.plist; sourceTree = "<group>"; };
		1D2B53E621C19F1B008ABC44 /* mcaRegisterManager.swift */ = {isa = PBXFileReference; lastKnownFileType = sourcecode.swift; path = mcaRegisterManager.swift; sourceTree = "<group>"; };
		1D2B53EF21C1D287008ABC44 /* PrepaidRegisterStep1VC.swift */ = {isa = PBXFileReference; fileEncoding = 4; lastKnownFileType = sourcecode.swift; path = PrepaidRegisterStep1VC.swift; sourceTree = "<group>"; };
		1D2B53F121C1D293008ABC44 /* PrepaidRegisterDataVC.swift */ = {isa = PBXFileReference; fileEncoding = 4; lastKnownFileType = sourcecode.swift; path = PrepaidRegisterDataVC.swift; sourceTree = "<group>"; };
		1D2B53F421C1D71B008ABC44 /* PrepaidRegisterStep5VC.swift */ = {isa = PBXFileReference; fileEncoding = 4; lastKnownFileType = sourcecode.swift; path = PrepaidRegisterStep5VC.swift; sourceTree = "<group>"; };
		1D2B53F521C1D71B008ABC44 /* PrepaidRegisterStep4VC.swift */ = {isa = PBXFileReference; fileEncoding = 4; lastKnownFileType = sourcecode.swift; path = PrepaidRegisterStep4VC.swift; sourceTree = "<group>"; };
		1D2B53F621C1D71B008ABC44 /* PrepaidRegisterStep2VC.swift */ = {isa = PBXFileReference; fileEncoding = 4; lastKnownFileType = sourcecode.swift; path = PrepaidRegisterStep2VC.swift; sourceTree = "<group>"; };
		1D2B53FB21C1D72F008ABC44 /* Fixed05ViewController.swift */ = {isa = PBXFileReference; fileEncoding = 4; lastKnownFileType = sourcecode.swift; path = Fixed05ViewController.swift; sourceTree = "<group>"; };
		1D2B53FC21C1D72F008ABC44 /* Fixed02ViewController.xib */ = {isa = PBXFileReference; fileEncoding = 4; lastKnownFileType = file.xib; path = Fixed02ViewController.xib; sourceTree = "<group>"; };
		1D2B53FD21C1D72F008ABC44 /* Fixed05ViewController.xib */ = {isa = PBXFileReference; fileEncoding = 4; lastKnownFileType = file.xib; path = Fixed05ViewController.xib; sourceTree = "<group>"; };
		1D2B53FE21C1D72F008ABC44 /* Fixed02ViewController.swift */ = {isa = PBXFileReference; fileEncoding = 4; lastKnownFileType = sourcecode.swift; path = Fixed02ViewController.swift; sourceTree = "<group>"; };
		1D2B540C21C1D808008ABC44 /* Postpaid-Mixed02.swift */ = {isa = PBXFileReference; fileEncoding = 4; lastKnownFileType = sourcecode.swift; path = "Postpaid-Mixed02.swift"; sourceTree = "<group>"; };
		1D2B540E21C1DD88008ABC44 /* PrepaidRegisterMobileVC.swift */ = {isa = PBXFileReference; fileEncoding = 4; lastKnownFileType = sourcecode.swift; path = PrepaidRegisterMobileVC.swift; sourceTree = "<group>"; };
		1D2B541021C1DD9E008ABC44 /* PrepaidRegisterPasswordVC.swift */ = {isa = PBXFileReference; fileEncoding = 4; lastKnownFileType = sourcecode.swift; path = PrepaidRegisterPasswordVC.swift; sourceTree = "<group>"; };
		1D2B541221C2C132008ABC44 /* PrepaidRegisterSendMobileVC.xib */ = {isa = PBXFileReference; fileEncoding = 4; lastKnownFileType = file.xib; path = PrepaidRegisterSendMobileVC.xib; sourceTree = "<group>"; };
		1D2B541321C2C132008ABC44 /* PrepaidRegisterSendMobileVC.swift */ = {isa = PBXFileReference; fileEncoding = 4; lastKnownFileType = sourcecode.swift; path = PrepaidRegisterSendMobileVC.swift; sourceTree = "<group>"; };
		1D2B541621C2CB0A008ABC44 /* CodeBySmsVC.swift */ = {isa = PBXFileReference; fileEncoding = 4; lastKnownFileType = sourcecode.swift; path = CodeBySmsVC.swift; sourceTree = "<group>"; };
		1D8C3B9E21F93580005DBA39 /* mcaManageriOS.framework */ = {isa = PBXFileReference; explicitFileType = wrapper.framework; path = mcaManageriOS.framework; sourceTree = BUILT_PRODUCTS_DIR; };
		2FEA503CD420E11985BCCE1E /* Pods-mcaRegistroiOS.release.xcconfig */ = {isa = PBXFileReference; includeInIndex = 1; lastKnownFileType = text.xcconfig; name = "Pods-mcaRegistroiOS.release.xcconfig"; path = "../mcaUtilsiOS/Pods/Pods/Target Support Files/Pods-mcaRegistroiOS/Pods-mcaRegistroiOS.release.xcconfig"; sourceTree = "<group>"; };
		69266B134F6F62E7AEF025FE /* Pods-mcaRegistroiOS.debug.xcconfig */ = {isa = PBXFileReference; includeInIndex = 1; lastKnownFileType = text.xcconfig; name = "Pods-mcaRegistroiOS.debug.xcconfig"; path = "../mcaUtilsiOS/Pods/Pods/Target Support Files/Pods-mcaRegistroiOS/Pods-mcaRegistroiOS.debug.xcconfig"; sourceTree = "<group>"; };
		D818F3D26C19F5785DD2CADC /* Pods_mcaRegistroiOS.framework */ = {isa = PBXFileReference; explicitFileType = wrapper.framework; includeInIndex = 0; path = Pods_mcaRegistroiOS.framework; sourceTree = BUILT_PRODUCTS_DIR; };
/* End PBXFileReference section */

/* Begin PBXFrameworksBuildPhase section */
		1D2B53D821C19EDB008ABC44 /* Frameworks */ = {
			isa = PBXFrameworksBuildPhase;
			buildActionMask = 2147483647;
			files = (
				1D8C3B9F21F93580005DBA39 /* mcaManageriOS.framework in Frameworks */,
				05037003A95612AE7B588206 /* Pods_mcaRegistroiOS.framework in Frameworks */,
			);
			runOnlyForDeploymentPostprocessing = 0;
		};
/* End PBXFrameworksBuildPhase section */

/* Begin PBXGroup section */
		1D2B53D121C19EDB008ABC44 = {
			isa = PBXGroup;
			children = (
				1D2B53DD21C19EDB008ABC44 /* mcaRegistroiOS */,
				1D2B53DC21C19EDB008ABC44 /* Products */,
				90ECA37B7ADA37FCAD48715E /* Frameworks */,
				F60F61476CE43C0613A2AC0E /* Pods */,
			);
			sourceTree = "<group>";
		};
		1D2B53DC21C19EDB008ABC44 /* Products */ = {
			isa = PBXGroup;
			children = (
				1D2B53DB21C19EDB008ABC44 /* mcaRegistroiOS.framework */,
			);
			name = Products;
			sourceTree = "<group>";
		};
		1D2B53DD21C19EDB008ABC44 /* mcaRegistroiOS */ = {
			isa = PBXGroup;
			children = (
				1D2B53E621C19F1B008ABC44 /* mcaRegisterManager.swift */,
				1D2B53EC21C1D236008ABC44 /* ViewControllers */,
				1D2B53DE21C19EDB008ABC44 /* mcaRegistroiOS.h */,
				1D2B53DF21C19EDB008ABC44 /* Info.plist */,
			);
			path = mcaRegistroiOS;
			sourceTree = "<group>";
		};
		1D2B53EC21C1D236008ABC44 /* ViewControllers */ = {
			isa = PBXGroup;
			children = (
				1D2B53EE21C1D265008ABC44 /* CustomRegister */,
				1D2B53ED21C1D24F008ABC44 /* GeneralRegister */,
			);
			path = ViewControllers;
			sourceTree = "<group>";
		};
		1D2B53ED21C1D24F008ABC44 /* GeneralRegister */ = {
			isa = PBXGroup;
			children = (
				1D2B541621C2CB0A008ABC44 /* CodeBySmsVC.swift */,
				1D2B541321C2C132008ABC44 /* PrepaidRegisterSendMobileVC.swift */,
				1D2B541221C2C132008ABC44 /* PrepaidRegisterSendMobileVC.xib */,
				1D2B53F121C1D293008ABC44 /* PrepaidRegisterDataVC.swift */,
				1D2B540E21C1DD88008ABC44 /* PrepaidRegisterMobileVC.swift */,
				1D2B541021C1DD9E008ABC44 /* PrepaidRegisterPasswordVC.swift */,
			);
			path = GeneralRegister;
			sourceTree = "<group>";
		};
		1D2B53EE21C1D265008ABC44 /* CustomRegister */ = {
			isa = PBXGroup;
			children = (
				1D2B53EF21C1D287008ABC44 /* PrepaidRegisterStep1VC.swift */,
				1D2B540321C1D738008ABC44 /* PostPaid */,
				1D2B53FA21C1D725008ABC44 /* Fixed */,
				1D2B53F321C1D70B008ABC44 /* Prepaid */,
			);
			path = CustomRegister;
			sourceTree = "<group>";
		};
		1D2B53F321C1D70B008ABC44 /* Prepaid */ = {
			isa = PBXGroup;
			children = (
				1D2B53F621C1D71B008ABC44 /* PrepaidRegisterStep2VC.swift */,
				1D2B53F521C1D71B008ABC44 /* PrepaidRegisterStep4VC.swift */,
				1D2B53F421C1D71B008ABC44 /* PrepaidRegisterStep5VC.swift */,
			);
			path = Prepaid;
			sourceTree = "<group>";
		};
		1D2B53FA21C1D725008ABC44 /* Fixed */ = {
			isa = PBXGroup;
			children = (
				1D2B53FE21C1D72F008ABC44 /* Fixed02ViewController.swift */,
				1D2B53FC21C1D72F008ABC44 /* Fixed02ViewController.xib */,
				1D2B53FB21C1D72F008ABC44 /* Fixed05ViewController.swift */,
				1D2B53FD21C1D72F008ABC44 /* Fixed05ViewController.xib */,
			);
			path = Fixed;
			sourceTree = "<group>";
		};
		1D2B540321C1D738008ABC44 /* PostPaid */ = {
			isa = PBXGroup;
			children = (
				1D2B540C21C1D808008ABC44 /* Postpaid-Mixed02.swift */,
			);
			path = PostPaid;
			sourceTree = "<group>";
		};
		90ECA37B7ADA37FCAD48715E /* Frameworks */ = {
			isa = PBXGroup;
			children = (
				1D8C3B9E21F93580005DBA39 /* mcaManageriOS.framework */,
				D818F3D26C19F5785DD2CADC /* Pods_mcaRegistroiOS.framework */,
			);
			name = Frameworks;
			sourceTree = "<group>";
		};
		F60F61476CE43C0613A2AC0E /* Pods */ = {
			isa = PBXGroup;
			children = (
				69266B134F6F62E7AEF025FE /* Pods-mcaRegistroiOS.debug.xcconfig */,
				2FEA503CD420E11985BCCE1E /* Pods-mcaRegistroiOS.release.xcconfig */,
			);
			name = Pods;
			sourceTree = "<group>";
		};
/* End PBXGroup section */

/* Begin PBXHeadersBuildPhase section */
		1D2B53D621C19EDB008ABC44 /* Headers */ = {
			isa = PBXHeadersBuildPhase;
			buildActionMask = 2147483647;
			files = (
				1D2B53E021C19EDB008ABC44 /* mcaRegistroiOS.h in Headers */,
			);
			runOnlyForDeploymentPostprocessing = 0;
		};
/* End PBXHeadersBuildPhase section */

/* Begin PBXNativeTarget section */
		1D2B53DA21C19EDB008ABC44 /* mcaRegistroiOS */ = {
			isa = PBXNativeTarget;
			buildConfigurationList = 1D2B53E321C19EDB008ABC44 /* Build configuration list for PBXNativeTarget "mcaRegistroiOS" */;
			buildPhases = (
				A6DD2C63F912070F69C7A2D3 /* [CP] Check Pods Manifest.lock */,
				1D2B53D621C19EDB008ABC44 /* Headers */,
				1D2B53D721C19EDB008ABC44 /* Sources */,
				1D2B53D821C19EDB008ABC44 /* Frameworks */,
				1D2B53D921C19EDB008ABC44 /* Resources */,
				C65FA17435247FE6D1EC8948 /* [CP] Copy Pods Resources */,
			);
			buildRules = (
			);
			dependencies = (
			);
			name = mcaRegistroiOS;
			productName = mcaRegistroiOS;
			productReference = 1D2B53DB21C19EDB008ABC44 /* mcaRegistroiOS.framework */;
			productType = "com.apple.product-type.framework";
		};
/* End PBXNativeTarget section */

/* Begin PBXProject section */
		1D2B53D221C19EDB008ABC44 /* Project object */ = {
			isa = PBXProject;
			attributes = {
				LastUpgradeCheck = 1010;
				ORGANIZATIONNAME = "Speedy Movil";
				TargetAttributes = {
					1D03792221ECF65000F70AF5 = {
						CreatedOnToolsVersion = 10.1;
					};
					1D2B53DA21C19EDB008ABC44 = {
						CreatedOnToolsVersion = 10.1;
						LastSwiftMigration = 1010;
					};
				};
			};
			buildConfigurationList = 1D2B53D521C19EDB008ABC44 /* Build configuration list for PBXProject "mcaRegistroiOS" */;
			compatibilityVersion = "Xcode 9.3";
			developmentRegion = en;
			hasScannedForEncodings = 0;
			knownRegions = (
				en,
			);
			mainGroup = 1D2B53D121C19EDB008ABC44;
			productRefGroup = 1D2B53DC21C19EDB008ABC44 /* Products */;
			projectDirPath = "";
			projectRoot = "";
			targets = (
				1D2B53DA21C19EDB008ABC44 /* mcaRegistroiOS */,
				1D03792221ECF65000F70AF5 /* mcaRegistroiOSUniversal */,
			);
		};
/* End PBXProject section */

/* Begin PBXResourcesBuildPhase section */
		1D2B53D921C19EDB008ABC44 /* Resources */ = {
			isa = PBXResourcesBuildPhase;
			buildActionMask = 2147483647;
			files = (
				1D2B540121C1D72F008ABC44 /* Fixed05ViewController.xib in Resources */,
				1D2B540021C1D72F008ABC44 /* Fixed02ViewController.xib in Resources */,
				1D2B541421C2C132008ABC44 /* PrepaidRegisterSendMobileVC.xib in Resources */,
			);
			runOnlyForDeploymentPostprocessing = 0;
		};
/* End PBXResourcesBuildPhase section */

/* Begin PBXShellScriptBuildPhase section */
		1D03795721ECF82A00F70AF5 /* ShellScript */ = {
			isa = PBXShellScriptBuildPhase;
			buildActionMask = 2147483647;
			files = (
			);
			inputPaths = (
			);
			outputPaths = (
			);
			runOnlyForDeploymentPostprocessing = 0;
			shellPath = /bin/sh;
			shellScript = "#!/bin/sh\n\nUNIVERSAL_OUTPUTFOLDER=${BUILD_DIR}/${CONFIGURATION}-universal\nPROD_NAME=mcaRegistroiOS\n\n# make sure the output directory exists\nmkdir -p \"${UNIVERSAL_OUTPUTFOLDER}\"\n# Step 1. Build Device and Simulator versions\nxcodebuild -target \"${PROD_NAME}\" ONLY_ACTIVE_ARCH=NO -configuration ${CONFIGURATION} -sdk iphoneos  BUILD_DIR=\"${BUILD_DIR}\" BUILD_ROOT=\"${BUILD_ROOT}\" clean build\n\n# Copy the framework structure to the universal folder\ncp -R \"${BUILD_DIR}/${CONFIGURATION}-iphoneos/${PROD_NAME}.framework\" \"${UNIVERSAL_OUTPUTFOLDER}/\"\n\nif [ \"${SIMULATOR_AVAILABLE}\" = \"true\" ]; then\nxcodebuild -target \"${PROD_NAME}\" -configuration ${CONFIGURATION} -sdk iphonesimulator ONLY_ACTIVE_ARCH=NO BUILD_DIR=\"${BUILD_DIR}\" BUILD_ROOT=\"${BUILD_ROOT}\" clean build\n\n\n# Copy Swift modules from iphonesimulator build (if it exists) to the copied framework directory\nSIMULATOR_SWIFT_MODULES_DIR=\"${BUILD_DIR}/${CONFIGURATION}-iphonesimulator/${PROD_NAME}.framework/Modules/${PROD_NAME}.swiftmodule/.\"\nif [ -d \"${SIMULATOR_SWIFT_MODULES_DIR}\" ]; then\ncp -R \"${SIMULATOR_SWIFT_MODULES_DIR}\" \"${UNIVERSAL_OUTPUTFOLDER}/${PROD_NAME}.framework/Modules/${PROD_NAME}.swiftmodule\"\nfi\n\n# Create universal binary file using lipo and place the combined executable in the copied framework directory\nlipo -create -output \"${UNIVERSAL_OUTPUTFOLDER}/${PROD_NAME}.framework/${PROD_NAME}\" \"${BUILD_DIR}/${CONFIGURATION}-iphonesimulator/${PROD_NAME}.framework/${PROD_NAME}\" \"${BUILD_DIR}/${CONFIGURATION}-iphoneos/${PROD_NAME}.framework/${PROD_NAME}\"\n\n# Open the Universal output folder for convenience\n# open \"${UNIVERSAL_OUTPUTFOLDER}\"\nfi\n\n\n\n";
		};
		A6DD2C63F912070F69C7A2D3 /* [CP] Check Pods Manifest.lock */ = {
			isa = PBXShellScriptBuildPhase;
			buildActionMask = 2147483647;
			files = (
			);
			inputPaths = (
				"${PODS_PODFILE_DIR_PATH}/Podfile.lock",
				"${PODS_ROOT}/Manifest.lock",
			);
			name = "[CP] Check Pods Manifest.lock";
			outputPaths = (
				"$(DERIVED_FILE_DIR)/Pods-mcaRegistroiOS-checkManifestLockResult.txt",
			);
			runOnlyForDeploymentPostprocessing = 0;
			shellPath = /bin/sh;
			shellScript = "diff \"${PODS_PODFILE_DIR_PATH}/Podfile.lock\" \"${PODS_ROOT}/Manifest.lock\" > /dev/null\nif [ $? != 0 ] ; then\n    # print error to STDERR\n    echo \"error: The sandbox is not in sync with the Podfile.lock. Run 'pod install' or update your CocoaPods installation.\" >&2\n    exit 1\nfi\n# This output is used by Xcode 'outputs' to avoid re-running this script phase.\necho \"SUCCESS\" > \"${SCRIPT_OUTPUT_FILE_0}\"\n";
			showEnvVarsInLog = 0;
		};
		C65FA17435247FE6D1EC8948 /* [CP] Copy Pods Resources */ = {
			isa = PBXShellScriptBuildPhase;
			buildActionMask = 2147483647;
			files = (
			);
			inputPaths = (
				"${SRCROOT}/../mcaUtilsiOS/Pods/Pods/Target Support Files/Pods-mcaRegistroiOS/Pods-mcaRegistroiOS-resources.sh",
				"${PODS_ROOT}/IBMMobileFirstPlatformFoundation/IBMMobileFirstPlatformFoundation/Resources/Localizations.bundle",
				"${PODS_ROOT}/khenshin/Products/khenshin.bundle",
			);
			name = "[CP] Copy Pods Resources";
			outputPaths = (
				"${TARGET_BUILD_DIR}/${UNLOCALIZED_RESOURCES_FOLDER_PATH}/Localizations.bundle",
				"${TARGET_BUILD_DIR}/${UNLOCALIZED_RESOURCES_FOLDER_PATH}/khenshin.bundle",
			);
			runOnlyForDeploymentPostprocessing = 0;
			shellPath = /bin/sh;
			shellScript = "\"${SRCROOT}/../mcaUtilsiOS/Pods/Pods/Target Support Files/Pods-mcaRegistroiOS/Pods-mcaRegistroiOS-resources.sh\"\n";
			showEnvVarsInLog = 0;
		};
/* End PBXShellScriptBuildPhase section */

/* Begin PBXSourcesBuildPhase section */
		1D2B53D721C19EDB008ABC44 /* Sources */ = {
			isa = PBXSourcesBuildPhase;
			buildActionMask = 2147483647;
			files = (
				1D2B541721C2CB0A008ABC44 /* CodeBySmsVC.swift in Sources */,
				1D2B540D21C1D808008ABC44 /* Postpaid-Mixed02.swift in Sources */,
				1D2B53E721C19F1B008ABC44 /* mcaRegisterManager.swift in Sources */,
				1D2B53F821C1D71B008ABC44 /* PrepaidRegisterStep4VC.swift in Sources */,
				1D2B541521C2C132008ABC44 /* PrepaidRegisterSendMobileVC.swift in Sources */,
				1D2B53FF21C1D72F008ABC44 /* Fixed05ViewController.swift in Sources */,
				1D2B53F921C1D71B008ABC44 /* PrepaidRegisterStep2VC.swift in Sources */,
				1D2B53F021C1D287008ABC44 /* PrepaidRegisterStep1VC.swift in Sources */,
				1D2B53F221C1D293008ABC44 /* PrepaidRegisterDataVC.swift in Sources */,
				1D2B53F721C1D71B008ABC44 /* PrepaidRegisterStep5VC.swift in Sources */,
				1D2B540221C1D72F008ABC44 /* Fixed02ViewController.swift in Sources */,
				1D2B541121C1DD9E008ABC44 /* PrepaidRegisterPasswordVC.swift in Sources */,
				1D2B540F21C1DD89008ABC44 /* PrepaidRegisterMobileVC.swift in Sources */,
			);
			runOnlyForDeploymentPostprocessing = 0;
		};
/* End PBXSourcesBuildPhase section */

/* Begin XCBuildConfiguration section */
		1D03792321ECF65000F70AF5 /* Debug */ = {
			isa = XCBuildConfiguration;
			buildSettings = {
				CODE_SIGN_STYLE = Automatic;
				DEVELOPMENT_TEAM = 85E3H648RA;
				ENABLE_BITCODE = NO;
				FRAMEWORK_SEARCH_PATHS = (
					"$(inherited)",
					"$(PROJECT_DIR)",
				);
				PRODUCT_NAME = "$(TARGET_NAME)";
				VALID_ARCHS = "arm64 arm64e armv7 armv7s i386";
			};
			name = Debug;
		};
		1D03792421ECF65000F70AF5 /* Release */ = {
			isa = XCBuildConfiguration;
			buildSettings = {
				CODE_SIGN_STYLE = Automatic;
				DEVELOPMENT_TEAM = 85E3H648RA;
				ENABLE_BITCODE = NO;
				FRAMEWORK_SEARCH_PATHS = (
					"$(inherited)",
					"$(PROJECT_DIR)",
				);
				PRODUCT_NAME = "$(TARGET_NAME)";
				VALID_ARCHS = "arm64 arm64e armv7 armv7s i386";
			};
			name = Release;
		};
		1D2B53E121C19EDB008ABC44 /* Debug */ = {
			isa = XCBuildConfiguration;
			buildSettings = {
				ALWAYS_SEARCH_USER_PATHS = NO;
				CLANG_ANALYZER_NONNULL = YES;
				CLANG_ANALYZER_NUMBER_OBJECT_CONVERSION = YES_AGGRESSIVE;
				CLANG_CXX_LANGUAGE_STANDARD = "gnu++14";
				CLANG_CXX_LIBRARY = "libc++";
				CLANG_ENABLE_MODULES = YES;
				CLANG_ENABLE_OBJC_ARC = YES;
				CLANG_ENABLE_OBJC_WEAK = YES;
				CLANG_WARN_BLOCK_CAPTURE_AUTORELEASING = YES;
				CLANG_WARN_BOOL_CONVERSION = YES;
				CLANG_WARN_COMMA = YES;
				CLANG_WARN_CONSTANT_CONVERSION = YES;
				CLANG_WARN_DEPRECATED_OBJC_IMPLEMENTATIONS = YES;
				CLANG_WARN_DIRECT_OBJC_ISA_USAGE = YES_ERROR;
				CLANG_WARN_DOCUMENTATION_COMMENTS = YES;
				CLANG_WARN_EMPTY_BODY = YES;
				CLANG_WARN_ENUM_CONVERSION = YES;
				CLANG_WARN_INFINITE_RECURSION = YES;
				CLANG_WARN_INT_CONVERSION = YES;
				CLANG_WARN_NON_LITERAL_NULL_CONVERSION = YES;
				CLANG_WARN_OBJC_IMPLICIT_RETAIN_SELF = YES;
				CLANG_WARN_OBJC_LITERAL_CONVERSION = YES;
				CLANG_WARN_OBJC_ROOT_CLASS = YES_ERROR;
				CLANG_WARN_RANGE_LOOP_ANALYSIS = YES;
				CLANG_WARN_STRICT_PROTOTYPES = YES;
				CLANG_WARN_SUSPICIOUS_MOVE = YES;
				CLANG_WARN_UNGUARDED_AVAILABILITY = YES_AGGRESSIVE;
				CLANG_WARN_UNREACHABLE_CODE = YES;
				CLANG_WARN__DUPLICATE_METHOD_MATCH = YES;
				CODE_SIGN_IDENTITY = "iPhone Developer";
				COPY_PHASE_STRIP = NO;
				CURRENT_PROJECT_VERSION = 1;
				DEBUG_INFORMATION_FORMAT = dwarf;
				ENABLE_BITCODE = NO;
				ENABLE_STRICT_OBJC_MSGSEND = YES;
				ENABLE_TESTABILITY = YES;
				GCC_C_LANGUAGE_STANDARD = gnu11;
				GCC_DYNAMIC_NO_PIC = NO;
				GCC_NO_COMMON_BLOCKS = YES;
				GCC_OPTIMIZATION_LEVEL = 0;
				GCC_PREPROCESSOR_DEFINITIONS = (
					"DEBUG=1",
					"$(inherited)",
				);
				GCC_WARN_64_TO_32_BIT_CONVERSION = YES;
				GCC_WARN_ABOUT_RETURN_TYPE = YES_ERROR;
				GCC_WARN_UNDECLARED_SELECTOR = YES;
				GCC_WARN_UNINITIALIZED_AUTOS = YES_AGGRESSIVE;
				GCC_WARN_UNUSED_FUNCTION = YES;
				GCC_WARN_UNUSED_VARIABLE = YES;
				IPHONEOS_DEPLOYMENT_TARGET = 9.0;
				MTL_ENABLE_DEBUG_INFO = INCLUDE_SOURCE;
				MTL_FAST_MATH = YES;
				SDKROOT = iphoneos;
				SWIFT_ACTIVE_COMPILATION_CONDITIONS = DEBUG;
				SWIFT_OPTIMIZATION_LEVEL = "-Onone";
				SWIFT_VERSION = 3.0;
				VERSIONING_SYSTEM = "apple-generic";
				VERSION_INFO_PREFIX = "";
			};
			name = Debug;
		};
		1D2B53E221C19EDB008ABC44 /* Release */ = {
			isa = XCBuildConfiguration;
			buildSettings = {
				ALWAYS_SEARCH_USER_PATHS = NO;
				CLANG_ANALYZER_NONNULL = YES;
				CLANG_ANALYZER_NUMBER_OBJECT_CONVERSION = YES_AGGRESSIVE;
				CLANG_CXX_LANGUAGE_STANDARD = "gnu++14";
				CLANG_CXX_LIBRARY = "libc++";
				CLANG_ENABLE_MODULES = YES;
				CLANG_ENABLE_OBJC_ARC = YES;
				CLANG_ENABLE_OBJC_WEAK = YES;
				CLANG_WARN_BLOCK_CAPTURE_AUTORELEASING = YES;
				CLANG_WARN_BOOL_CONVERSION = YES;
				CLANG_WARN_COMMA = YES;
				CLANG_WARN_CONSTANT_CONVERSION = YES;
				CLANG_WARN_DEPRECATED_OBJC_IMPLEMENTATIONS = YES;
				CLANG_WARN_DIRECT_OBJC_ISA_USAGE = YES_ERROR;
				CLANG_WARN_DOCUMENTATION_COMMENTS = YES;
				CLANG_WARN_EMPTY_BODY = YES;
				CLANG_WARN_ENUM_CONVERSION = YES;
				CLANG_WARN_INFINITE_RECURSION = YES;
				CLANG_WARN_INT_CONVERSION = YES;
				CLANG_WARN_NON_LITERAL_NULL_CONVERSION = YES;
				CLANG_WARN_OBJC_IMPLICIT_RETAIN_SELF = YES;
				CLANG_WARN_OBJC_LITERAL_CONVERSION = YES;
				CLANG_WARN_OBJC_ROOT_CLASS = YES_ERROR;
				CLANG_WARN_RANGE_LOOP_ANALYSIS = YES;
				CLANG_WARN_STRICT_PROTOTYPES = YES;
				CLANG_WARN_SUSPICIOUS_MOVE = YES;
				CLANG_WARN_UNGUARDED_AVAILABILITY = YES_AGGRESSIVE;
				CLANG_WARN_UNREACHABLE_CODE = YES;
				CLANG_WARN__DUPLICATE_METHOD_MATCH = YES;
				CODE_SIGN_IDENTITY = "iPhone Developer";
				COPY_PHASE_STRIP = NO;
				CURRENT_PROJECT_VERSION = 1;
				DEBUG_INFORMATION_FORMAT = "dwarf-with-dsym";
				ENABLE_BITCODE = NO;
				ENABLE_NS_ASSERTIONS = NO;
				ENABLE_STRICT_OBJC_MSGSEND = YES;
				GCC_C_LANGUAGE_STANDARD = gnu11;
				GCC_NO_COMMON_BLOCKS = YES;
				GCC_WARN_64_TO_32_BIT_CONVERSION = YES;
				GCC_WARN_ABOUT_RETURN_TYPE = YES_ERROR;
				GCC_WARN_UNDECLARED_SELECTOR = YES;
				GCC_WARN_UNINITIALIZED_AUTOS = YES_AGGRESSIVE;
				GCC_WARN_UNUSED_FUNCTION = YES;
				GCC_WARN_UNUSED_VARIABLE = YES;
				IPHONEOS_DEPLOYMENT_TARGET = 9.0;
				MTL_ENABLE_DEBUG_INFO = NO;
				MTL_FAST_MATH = YES;
				SDKROOT = iphoneos;
				SWIFT_ACTIVE_COMPILATION_CONDITIONS = PRODUCCION;
				SWIFT_COMPILATION_MODE = wholemodule;
				SWIFT_OPTIMIZATION_LEVEL = "-O";
				SWIFT_VERSION = 3.0;
				VALIDATE_PRODUCT = YES;
				VERSIONING_SYSTEM = "apple-generic";
				VERSION_INFO_PREFIX = "";
			};
			name = Release;
		};
		1D2B53E421C19EDB008ABC44 /* Debug */ = {
			isa = XCBuildConfiguration;
			baseConfigurationReference = 69266B134F6F62E7AEF025FE /* Pods-mcaRegistroiOS.debug.xcconfig */;
			buildSettings = {
				CLANG_ENABLE_MODULES = YES;
				CODE_SIGN_IDENTITY = "";
				CODE_SIGN_STYLE = Automatic;
				DEFINES_MODULE = YES;
				DEVELOPMENT_TEAM = 44W73F6DDD;
				DYLIB_COMPATIBILITY_VERSION = 1;
				DYLIB_CURRENT_VERSION = 1;
				DYLIB_INSTALL_NAME_BASE = "@rpath";
				ENABLE_BITCODE = NO;
				FRAMEWORK_SEARCH_PATHS = (
					"$(inherited)",
					"$(PROJECT_DIR)",
				);
				INFOPLIST_FILE = mcaRegistroiOS/Info.plist;
				INSTALL_PATH = "$(LOCAL_LIBRARY_DIR)/Frameworks";
				LD_RUNPATH_SEARCH_PATHS = (
					"$(inherited)",
					"@executable_path/Frameworks",
					"@loader_path/Frameworks",
				);
				PRODUCT_BUNDLE_IDENTIFIER = com.miclaro.app.mcaRegistroiOS;
				PRODUCT_NAME = "$(TARGET_NAME:c99extidentifier)";
				SKIP_INSTALL = YES;
				SWIFT_OPTIMIZATION_LEVEL = "-Onone";
				SWIFT_VERSION = 3.0;
				TARGETED_DEVICE_FAMILY = "1,2";
				VALID_ARCHS = "arm64 arm64e armv7 armv7s i386";
			};
			name = Debug;
		};
		1D2B53E521C19EDB008ABC44 /* Release */ = {
			isa = XCBuildConfiguration;
			baseConfigurationReference = 2FEA503CD420E11985BCCE1E /* Pods-mcaRegistroiOS.release.xcconfig */;
			buildSettings = {
				CLANG_ENABLE_MODULES = YES;
				CODE_SIGN_IDENTITY = "";
				CODE_SIGN_STYLE = Automatic;
				DEFINES_MODULE = YES;
				DEVELOPMENT_TEAM = 44W73F6DDD;
				DYLIB_COMPATIBILITY_VERSION = 1;
				DYLIB_CURRENT_VERSION = 1;
				DYLIB_INSTALL_NAME_BASE = "@rpath";
				ENABLE_BITCODE = NO;
				FRAMEWORK_SEARCH_PATHS = (
					"$(inherited)",
					"$(PROJECT_DIR)",
				);
				INFOPLIST_FILE = mcaRegistroiOS/Info.plist;
				INSTALL_PATH = "$(LOCAL_LIBRARY_DIR)/Frameworks";
				LD_RUNPATH_SEARCH_PATHS = (
					"$(inherited)",
					"@executable_path/Frameworks",
					"@loader_path/Frameworks",
				);
				PRODUCT_BUNDLE_IDENTIFIER = com.miclaro.app.mcaRegistroiOS;
				PRODUCT_NAME = "$(TARGET_NAME:c99extidentifier)";
				SKIP_INSTALL = YES;
				SWIFT_VERSION = 3.0;
				TARGETED_DEVICE_FAMILY = "1,2";
				VALID_ARCHS = "arm64 arm64e armv7 armv7s i386";
			};
			name = Release;
		};
/* End XCBuildConfiguration section */

/* Begin XCConfigurationList section */
		1D03792521ECF65000F70AF5 /* Build configuration list for PBXAggregateTarget "mcaRegistroiOSUniversal" */ = {
			isa = XCConfigurationList;
			buildConfigurations = (
				1D03792321ECF65000F70AF5 /* Debug */,
				1D03792421ECF65000F70AF5 /* Release */,
			);
			defaultConfigurationIsVisible = 0;
			defaultConfigurationName = Debug;
		};
		1D2B53D521C19EDB008ABC44 /* Build configuration list for PBXProject "mcaRegistroiOS" */ = {
			isa = XCConfigurationList;
			buildConfigurations = (
				1D2B53E121C19EDB008ABC44 /* Debug */,
				1D2B53E221C19EDB008ABC44 /* Release */,
			);
			defaultConfigurationIsVisible = 0;
			defaultConfigurationName = Debug;
		};
		1D2B53E321C19EDB008ABC44 /* Build configuration list for PBXNativeTarget "mcaRegistroiOS" */ = {
			isa = XCConfigurationList;
			buildConfigurations = (
				1D2B53E421C19EDB008ABC44 /* Debug */,
				1D2B53E521C19EDB008ABC44 /* Release */,
			);
			defaultConfigurationIsVisible = 0;
			defaultConfigurationName = Debug;
		};
/* End XCConfigurationList section */
	};
	rootObject = 1D2B53D221C19EDB008ABC44 /* Project object */;
}
